
Microsoft Visual Studio Solution File, Format Version 12.00
# Visual Studio Version 17
VisualStudioVersion = 17.2.32526.322
MinimumVisualStudioVersion = 10.0.40219.1
Project("{FAE04EC0-301F-11D3-BF4B-00C04F79EFBC}") = "DurableFunctionDollarObserver", "DurableFunctionDollarObserver.csproj", "{AFF47633-27DE-45F1-BBC4-87B028ACC2FA}"
EndProject
Project("{FAE04EC0-301F-11D3-BF4B-00C04F79EFBC}") = "DurableDollarObserver", "..\DurableDollarObserver\DurableDollarObserver.csproj", "{5CE84AFB-599D-4A2C-A4BE-56423235F075}"
EndProject
Global
	GlobalSection(SolutionConfigurationPlatforms) = preSolution
		Debug|Any CPU = Debug|Any CPU
		Release|Any CPU = Release|Any CPU
	EndGlobalSection
	GlobalSection(ProjectConfigurationPlatforms) = postSolution
		{AFF47633-27DE-45F1-BBC4-87B028ACC2FA}.Debug|Any CPU.ActiveCfg = Debug|Any CPU
		{AFF47633-27DE-45F1-BBC4-87B028ACC2FA}.Debug|Any CPU.Build.0 = Debug|Any CPU
		{AFF47633-27DE-45F1-BBC4-87B028ACC2FA}.Release|Any CPU.ActiveCfg = Release|Any CPU
		{AFF47633-27DE-45F1-BBC4-87B028ACC2FA}.Release|Any CPU.Build.0 = Release|Any CPU
		{5CE84AFB-599D-4A2C-A4BE-56423235F075}.Debug|Any CPU.ActiveCfg = Debug|Any CPU
		{5CE84AFB-599D-4A2C-A4BE-56423235F075}.Debug|Any CPU.Build.0 = Debug|Any CPU
		{5CE84AFB-599D-4A2C-A4BE-56423235F075}.Release|Any CPU.ActiveCfg = Release|Any CPU
		{5CE84AFB-599D-4A2C-A4BE-56423235F075}.Release|Any CPU.Build.0 = Release|Any CPU
	EndGlobalSection
	GlobalSection(SolutionProperties) = preSolution
		HideSolutionNode = FALSE
	EndGlobalSection
	GlobalSection(ExtensibilityGlobals) = postSolution
		SolutionGuid = {B8F03D2E-DA8B-47F9-AD2E-3561D3930C29}
	EndGlobalSection
EndGlobal
